
Microsoft Visual Studio Solution File, Format Version 12.00
# Visual Studio Version 17
VisualStudioVersion = 17.0.32112.339
MinimumVisualStudioVersion = 10.0.40219.1
Project("{9A19103F-16F7-4668-BE54-9A1E7A4F7556}") = "WinQuickLook.Core", "WinQuickLook.Core\WinQuickLook.Core.csproj", "{8551591F-32DE-4423-8701-5DCE83B0C907}"
EndProject
Project("{9A19103F-16F7-4668-BE54-9A1E7A4F7556}") = "WinQuickLook.Tests", "WinQuickLook.Tests\WinQuickLook.Tests.csproj", "{86085A98-8D02-4CA6-98EC-D0159FE99D7B}"
EndProject
Project("{9A19103F-16F7-4668-BE54-9A1E7A4F7556}") = "WinQuickLook.CsWin32", "WinQuickLook.CsWin32\WinQuickLook.CsWin32.csproj", "{0D01E534-2076-42C5-9DEC-84B62E8DC803}"
EndProject
Global
	GlobalSection(SolutionConfigurationPlatforms) = preSolution
		Debug|ARM64 = Debug|ARM64
		Debug|x64 = Debug|x64
		Release|ARM64 = Release|ARM64
		Release|x64 = Release|x64
	EndGlobalSection
	GlobalSection(ProjectConfigurationPlatforms) = postSolution
		{8551591F-32DE-4423-8701-5DCE83B0C907}.Debug|ARM64.ActiveCfg = Debug|ARM64
		{8551591F-32DE-4423-8701-5DCE83B0C907}.Debug|ARM64.Build.0 = Debug|ARM64
		{8551591F-32DE-4423-8701-5DCE83B0C907}.Debug|x64.ActiveCfg = Debug|x64
		{8551591F-32DE-4423-8701-5DCE83B0C907}.Debug|x64.Build.0 = Debug|x64
		{8551591F-32DE-4423-8701-5DCE83B0C907}.Release|ARM64.ActiveCfg = Release|ARM64
		{8551591F-32DE-4423-8701-5DCE83B0C907}.Release|ARM64.Build.0 = Release|ARM64
		{8551591F-32DE-4423-8701-5DCE83B0C907}.Release|x64.ActiveCfg = Release|x64
		{8551591F-32DE-4423-8701-5DCE83B0C907}.Release|x64.Build.0 = Release|x64
		{86085A98-8D02-4CA6-98EC-D0159FE99D7B}.Debug|ARM64.ActiveCfg = Debug|ARM64
		{86085A98-8D02-4CA6-98EC-D0159FE99D7B}.Debug|ARM64.Build.0 = Debug|ARM64
		{86085A98-8D02-4CA6-98EC-D0159FE99D7B}.Debug|x64.ActiveCfg = Debug|x64
		{86085A98-8D02-4CA6-98EC-D0159FE99D7B}.Debug|x64.Build.0 = Debug|x64
		{86085A98-8D02-4CA6-98EC-D0159FE99D7B}.Release|ARM64.ActiveCfg = Release|ARM64
		{86085A98-8D02-4CA6-98EC-D0159FE99D7B}.Release|ARM64.Build.0 = Release|ARM64
		{86085A98-8D02-4CA6-98EC-D0159FE99D7B}.Release|x64.ActiveCfg = Release|x64
		{86085A98-8D02-4CA6-98EC-D0159FE99D7B}.Release|x64.Build.0 = Release|x64
		{0D01E534-2076-42C5-9DEC-84B62E8DC803}.Debug|ARM64.ActiveCfg = Debug|ARM64
		{0D01E534-2076-42C5-9DEC-84B62E8DC803}.Debug|ARM64.Build.0 = Debug|ARM64
		{0D01E534-2076-42C5-9DEC-84B62E8DC803}.Debug|x64.ActiveCfg = Debug|x64
		{0D01E534-2076-42C5-9DEC-84B62E8DC803}.Debug|x64.Build.0 = Debug|x64
		{0D01E534-2076-42C5-9DEC-84B62E8DC803}.Release|ARM64.ActiveCfg = Release|ARM64
		{0D01E534-2076-42C5-9DEC-84B62E8DC803}.Release|ARM64.Build.0 = Release|ARM64
		{0D01E534-2076-42C5-9DEC-84B62E8DC803}.Release|x64.ActiveCfg = Release|x64
		{0D01E534-2076-42C5-9DEC-84B62E8DC803}.Release|x64.Build.0 = Release|x64
	EndGlobalSection
	GlobalSection(SolutionProperties) = preSolution
		HideSolutionNode = FALSE
	EndGlobalSection
	GlobalSection(ExtensibilityGlobals) = postSolution
		SolutionGuid = {569EC029-FC7C-4492-A4F1-FE7B458C6D57}
	EndGlobalSection
EndGlobal
