{
  "version": 1,
  "dependencies": {
    "net9.0-windows10.0.22621": {
      "AvalonEdit": {
        "type": "Direct",
        "requested": "[6.3.1.120, )",
        "resolved": "6.3.1.120",
        "contentHash": "6ASBKPzAg64BLDlFOJo4Ypr1sA/6hB5+TfHLJaZYUSTE0jgxvKlVqKeo/ISTG9qEMxu604qUu6BGugmJkfdrNw=="
      },
      "Cylinder.WPF": {
        "type": "Direct",
        "requested": "[1.0.0-preview.2, )",
        "resolved": "1.0.0-preview.2",
        "contentHash": "Vi65qfphYUN0O5nm1/1CJQvOmuB8Yt3PRhjvze3uLbktlg8rtX1J19E/bby8BL9IedR4JjGMqfWKUse5EW/6UA=="
      },
      "Markdig": {
        "type": "Direct",
        "requested": "[0.42.0, )",
        "resolved": "0.42.0",
        "contentHash": "tINdftVfbTujqfPXrQOSl9/6XCS2Y4Zwz+i7UPBgxRNnDtI1CjyQ5UA/5sKoSOmfECyWkTztY/vbcc/u1DA8nA=="
      },
      "Microsoft.Web.WebView2": {
        "type": "Direct",
        "requested": "[1.0.3485.44, )",
        "resolved": "1.0.3485.44",
        "contentHash": "4hk+MDJcW6Hcvtfb0qv0zba9mpBFxM2GO9gJ+8Nq/zoAdwFanmt7jzvM07NPB/UcuQ/jZpKh9IUDL/eVOEFh2A=="
      },
      "winquicklook.cswin32": {
        "type": "Project"
      }
    }
  }
}