
Microsoft Visual Studio Solution File, Format Version 12.00
# Visual Studio 14
VisualStudioVersion = 14.0.25420.1
MinimumVisualStudioVersion = 10.0.40219.1
Project("{FAE04EC0-301F-11D3-BF4B-00C04F79EFBC}") = "WinQuickLook", "WinQuickLook\WinQuickLook.csproj", "{8A8234C5-2D4D-4E7F-A9DD-4A9EB2C698E4}"
EndProject
Project("{262852C6-CD72-467D-83FE-5EEB1973A190}") = "WinQuickLook.Package", "WinQuickLook.Package\WinQuickLook.Package.jsproj", "{ED69DCA7-23A5-4DFF-A4CA-7A42C21DF581}"
	ProjectSection(ProjectDependencies) = postProject
		{8A8234C5-2D4D-4E7F-A9DD-4A9EB2C698E4} = {8A8234C5-2D4D-4E7F-A9DD-4A9EB2C698E4}
	EndProjectSection
EndProject
Global
	GlobalSection(SolutionConfigurationPlatforms) = preSolution
		Debug|Any CPU = Debug|Any CPU
		Debug|ARM = Debug|ARM
		Debug|x64 = Debug|x64
		Debug|x86 = Debug|x86
		Release|Any CPU = Release|Any CPU
		Release|ARM = Release|ARM
		Release|x64 = Release|x64
		Release|x86 = Release|x86
	EndGlobalSection
	GlobalSection(ProjectConfigurationPlatforms) = postSolution
		{8A8234C5-2D4D-4E7F-A9DD-4A9EB2C698E4}.Debug|Any CPU.ActiveCfg = Debug|Any CPU
		{8A8234C5-2D4D-4E7F-A9DD-4A9EB2C698E4}.Debug|Any CPU.Build.0 = Debug|Any CPU
		{8A8234C5-2D4D-4E7F-A9DD-4A9EB2C698E4}.Debug|ARM.ActiveCfg = Debug|Any CPU
		{8A8234C5-2D4D-4E7F-A9DD-4A9EB2C698E4}.Debug|ARM.Build.0 = Debug|Any CPU
		{8A8234C5-2D4D-4E7F-A9DD-4A9EB2C698E4}.Debug|x64.ActiveCfg = Debug|Any CPU
		{8A8234C5-2D4D-4E7F-A9DD-4A9EB2C698E4}.Debug|x64.Build.0 = Debug|Any CPU
		{8A8234C5-2D4D-4E7F-A9DD-4A9EB2C698E4}.Debug|x86.ActiveCfg = Debug|Any CPU
		{8A8234C5-2D4D-4E7F-A9DD-4A9EB2C698E4}.Debug|x86.Build.0 = Debug|Any CPU
		{8A8234C5-2D4D-4E7F-A9DD-4A9EB2C698E4}.Release|Any CPU.ActiveCfg = Release|Any CPU
		{8A8234C5-2D4D-4E7F-A9DD-4A9EB2C698E4}.Release|Any CPU.Build.0 = Release|Any CPU
		{8A8234C5-2D4D-4E7F-A9DD-4A9EB2C698E4}.Release|ARM.ActiveCfg = Release|Any CPU
		{8A8234C5-2D4D-4E7F-A9DD-4A9EB2C698E4}.Release|ARM.Build.0 = Release|Any CPU
		{8A8234C5-2D4D-4E7F-A9DD-4A9EB2C698E4}.Release|x64.ActiveCfg = Release|Any CPU
		{8A8234C5-2D4D-4E7F-A9DD-4A9EB2C698E4}.Release|x64.Build.0 = Release|Any CPU
		{8A8234C5-2D4D-4E7F-A9DD-4A9EB2C698E4}.Release|x86.ActiveCfg = Release|Any CPU
		{8A8234C5-2D4D-4E7F-A9DD-4A9EB2C698E4}.Release|x86.Build.0 = Release|Any CPU
		{ED69DCA7-23A5-4DFF-A4CA-7A42C21DF581}.Debug|Any CPU.ActiveCfg = Debug|Any CPU
		{ED69DCA7-23A5-4DFF-A4CA-7A42C21DF581}.Debug|Any CPU.Build.0 = Debug|Any CPU
		{ED69DCA7-23A5-4DFF-A4CA-7A42C21DF581}.Debug|Any CPU.Deploy.0 = Debug|Any CPU
		{ED69DCA7-23A5-4DFF-A4CA-7A42C21DF581}.Debug|ARM.ActiveCfg = Debug|ARM
		{ED69DCA7-23A5-4DFF-A4CA-7A42C21DF581}.Debug|ARM.Build.0 = Debug|ARM
		{ED69DCA7-23A5-4DFF-A4CA-7A42C21DF581}.Debug|ARM.Deploy.0 = Debug|ARM
		{ED69DCA7-23A5-4DFF-A4CA-7A42C21DF581}.Debug|x64.ActiveCfg = Debug|x64
		{ED69DCA7-23A5-4DFF-A4CA-7A42C21DF581}.Debug|x64.Build.0 = Debug|x64
		{ED69DCA7-23A5-4DFF-A4CA-7A42C21DF581}.Debug|x64.Deploy.0 = Debug|x64
		{ED69DCA7-23A5-4DFF-A4CA-7A42C21DF581}.Debug|x86.ActiveCfg = Debug|x86
		{ED69DCA7-23A5-4DFF-A4CA-7A42C21DF581}.Debug|x86.Build.0 = Debug|x86
		{ED69DCA7-23A5-4DFF-A4CA-7A42C21DF581}.Debug|x86.Deploy.0 = Debug|x86
		{ED69DCA7-23A5-4DFF-A4CA-7A42C21DF581}.Release|Any CPU.ActiveCfg = Release|Any CPU
		{ED69DCA7-23A5-4DFF-A4CA-7A42C21DF581}.Release|Any CPU.Build.0 = Release|Any CPU
		{ED69DCA7-23A5-4DFF-A4CA-7A42C21DF581}.Release|Any CPU.Deploy.0 = Release|Any CPU
		{ED69DCA7-23A5-4DFF-A4CA-7A42C21DF581}.Release|ARM.ActiveCfg = Release|ARM
		{ED69DCA7-23A5-4DFF-A4CA-7A42C21DF581}.Release|ARM.Build.0 = Release|ARM
		{ED69DCA7-23A5-4DFF-A4CA-7A42C21DF581}.Release|ARM.Deploy.0 = Release|ARM
		{ED69DCA7-23A5-4DFF-A4CA-7A42C21DF581}.Release|x64.ActiveCfg = Release|x64
		{ED69DCA7-23A5-4DFF-A4CA-7A42C21DF581}.Release|x64.Build.0 = Release|x64
		{ED69DCA7-23A5-4DFF-A4CA-7A42C21DF581}.Release|x64.Deploy.0 = Release|x64
		{ED69DCA7-23A5-4DFF-A4CA-7A42C21DF581}.Release|x86.ActiveCfg = Release|x86
		{ED69DCA7-23A5-4DFF-A4CA-7A42C21DF581}.Release|x86.Build.0 = Release|x86
		{ED69DCA7-23A5-4DFF-A4CA-7A42C21DF581}.Release|x86.Deploy.0 = Release|x86
	EndGlobalSection
	GlobalSection(SolutionProperties) = preSolution
		HideSolutionNode = FALSE
	EndGlobalSection
EndGlobal
