{
  "version": 1,
  "dependencies": {
    "net9.0-windows10.0.22621": {
      "Hardcodet.NotifyIcon.Wpf": {
        "type": "Direct",
        "requested": "[2.0.1, )",
        "resolved": "2.0.1",
        "contentHash": "dtxmeZXzV2GzSm91aZ3hqzgoeVoARSkDPVCYfhVUNyyKBWYxMgNC0EcLiSYxD4Uc4alq/2qb3SmV8DgAENLRLQ=="
      },
      "Microsoft.Extensions.DependencyInjection": {
        "type": "Direct",
        "requested": "[9.0.8, )",
        "resolved": "9.0.8",
        "contentHash": "JJjI2Fa+QtZcUyuNjbKn04OjIUX5IgFGFu/Xc+qvzh1rXdZHLcnqqVXhR4093bGirTwacRlHiVg1XYI9xum6QQ==",
        "dependencies": {
          "Microsoft.Extensions.DependencyInjection.Abstractions": "9.0.8"
        }
      },
      "AvalonEdit": {
        "type": "Transitive",
        "resolved": "6.3.1.120",
        "contentHash": "6ASBKPzAg64BLDlFOJo4Ypr1sA/6hB5+TfHLJaZYUSTE0jgxvKlVqKeo/ISTG9qEMxu604qUu6BGugmJkfdrNw=="
      },
      "Cylinder.WPF": {
        "type": "Transitive",
        "resolved": "1.0.0-preview.2",
        "contentHash": "Vi65qfphYUN0O5nm1/1CJQvOmuB8Yt3PRhjvze3uLbktlg8rtX1J19E/bby8BL9IedR4JjGMqfWKUse5EW/6UA=="
      },
      "Markdig": {
        "type": "Transitive",
        "resolved": "0.41.3",
        "contentHash": "i3vSTyGpBGWbJB04aJ3cPJs0T3BV2e1nduW3EUHK/i+xUupYbym75iZPss/XjqhS5JlBErwQYnx7ofK3Zcsozg=="
      },
      "Microsoft.Extensions.DependencyInjection.Abstractions": {
        "type": "Transitive",
        "resolved": "9.0.8",
        "contentHash": "xY3lTjj4+ZYmiKIkyWitddrp1uL5uYiweQjqo4BKBw01ZC4HhcfgLghDpPZcUlppgWAFqFy9SgkiYWOMx365pw=="
      },
      "Microsoft.Web.WebView2": {
        "type": "Transitive",
        "resolved": "1.0.3405.78",
        "contentHash": "ceiIKuPHnzOf5CUv9nGpIBx0CWCCMWcBdv05QuonmUnpPtm6XDyAh6osgvin7MTpVD5O0+NbS5ts/WU9sgXgvA=="
      },
      "winquicklook.core": {
        "type": "Project",
        "dependencies": {
          "AvalonEdit": "[6.3.1.120, )",
          "Cylinder.WPF": "[1.0.0-preview.2, )",
          "Markdig": "[0.41.3, )",
          "Microsoft.Web.WebView2": "[1.0.3405.78, )",
          "WinQuickLook.CsWin32": "[1.0.0, )"
        }
      },
      "winquicklook.cswin32": {
        "type": "Project"
      }
    },
    "net9.0-windows10.0.22621/win-arm64": {
      "Microsoft.Web.WebView2": {
        "type": "Transitive",
        "resolved": "1.0.3405.78",
        "contentHash": "ceiIKuPHnzOf5CUv9nGpIBx0CWCCMWcBdv05QuonmUnpPtm6XDyAh6osgvin7MTpVD5O0+NbS5ts/WU9sgXgvA=="
      }
    },
    "net9.0-windows10.0.22621/win-x64": {
      "Microsoft.Web.WebView2": {
        "type": "Transitive",
        "resolved": "1.0.3405.78",
        "contentHash": "ceiIKuPHnzOf5CUv9nGpIBx0CWCCMWcBdv05QuonmUnpPtm6XDyAh6osgvin7MTpVD5O0+NbS5ts/WU9sgXgvA=="
      }
    }
  }
}